# Generated by buf. DO NOT EDIT.
version: v1
deps:
  - remote: buf.build
    owner: googleapis
    repository: googleapis
    branch: main
    commit: ba86f78e5fd240acadd0c52c7c88c3d9
    digest: b1-P62S308h2auXFuWjKGddF1wYrpyNy_Agf4OD24qqah4=
    create_time: 2022-03-24T15:11:51.212314Z
  - remote: buf.build
    owner: tdex-network
    repository: tdex-daemon
    branch: main
    commit: 93b490e3c5794d6d93065ba0968d9cc9
    digest: b1-wZxbPk69YRedtZUPkwr1NBIWw3ISoWXb1zHzhB-TNFc=
    create_time: 2022-03-29T11:02:13.028987Z
  - remote: buf.build
    owner: tdex-network
    repository: tdex-protobuf
    branch: main
    commit: 7ce2b1c1b05142a1a39f2c77eeba1e4b
    digest: b1-HWeUgN2ajqRv6qUnHXaQVjR0iH7Dnm32mscFauQmrH0=
    create_time: 2022-03-16T09:22:02.746797Z
